// !$*UTF8*$!
{
	archiveVersion = 1;
	classes = {
	};
	objectVersion = 50;
	objects = {

/* Begin PBXBuildFile section */
		7C9DED9220DCCAD2005694BC /* ApplicationDelegate.swift in Sources */ = {isa = PBXBuildFile; fileRef = 7C9DED9120DCCAD2005694BC /* ApplicationDelegate.swift */; };
		7C9DED9920DCCAD5005694BC /* Assets.xcassets in Resources */ = {isa = PBXBuildFile; fileRef = 7C9DED9820DCCAD5005694BC /* Assets.xcassets */; };
		7C9DED9C20DCCAD5005694BC /* LaunchScreen.storyboard in Resources */ = {isa = PBXBuildFile; fileRef = 7C9DED9A20DCCAD5005694BC /* LaunchScreen.storyboard */; };
		7C9DEDAE20DCCCB4005694BC /* View.swift in Sources */ = {isa = PBXBuildFile; fileRef = 7C9DEDAD20DCCCB4005694BC /* View.swift */; };
		7C9DEDB020DCCCBA005694BC /* TypedViewController.swift in Sources */ = {isa = PBXBuildFile; fileRef = 7C9DEDAF20DCCCBA005694BC /* TypedViewController.swift */; };
		7C9DEDB220DCCCDE005694BC /* UIViewExtension+Constraint.swift in Sources */ = {isa = PBXBuildFile; fileRef = 7C9DEDB120DCCCDE005694BC /* UIViewExtension+Constraint.swift */; };
		7C9DEDB520DCCD03005694BC /* ViewSetupable.swift in Sources */ = {isa = PBXBuildFile; fileRef = 7C9DEDB420DCCD03005694BC /* ViewSetupable.swift */; };
		7C9DEDB920DCCE3F005694BC /* README.md in Resources */ = {isa = PBXBuildFile; fileRef = 7C9DEDB820DCCE3F005694BC /* README.md */; };
		7C9DEDBB20DCD507005694BC /* IntroductionViewController.swift in Sources */ = {isa = PBXBuildFile; fileRef = 7C9DEDBA20DCD507005694BC /* IntroductionViewController.swift */; };
		7C9DEDBD20DCD560005694BC /* IntroductionView.swift in Sources */ = {isa = PBXBuildFile; fileRef = 7C9DEDBC20DCD560005694BC /* IntroductionView.swift */; };
		7C9DEDC120DCDB56005694BC /* GameService.swift in Sources */ = {isa = PBXBuildFile; fileRef = 7C9DEDC020DCDB56005694BC /* GameService.swift */; };
		7C9DEDC320DCDB6F005694BC /* Exercise.swift in Sources */ = {isa = PBXBuildFile; fileRef = 7C9DEDC220DCDB6F005694BC /* Exercise.swift */; };
		7C9DEDC520DCDBAB005694BC /* ExerciseType.swift in Sources */ = {isa = PBXBuildFile; fileRef = 7C9DEDC420DCDBAB005694BC /* ExerciseType.swift */; };
		7C9DEDC720DCDC0D005694BC /* Answer.swift in Sources */ = {isa = PBXBuildFile; fileRef = 7C9DEDC620DCDC0D005694BC /* Answer.swift */; };
		7C9DEDC920DCEC84005694BC /* ExercisesGeneratorService.swift in Sources */ = {isa = PBXBuildFile; fileRef = 7C9DEDC820DCEC84005694BC /* ExercisesGeneratorService.swift */; };
/* End PBXBuildFile section */

/* Begin PBXFileReference section */
		7C9DED8E20DCCAD2005694BC /* ClassKit Research.app */ = {isa = PBXFileReference; explicitFileType = wrapper.application; includeInIndex = 0; path = "ClassKit Research.app"; sourceTree = BUILT_PRODUCTS_DIR; };
		7C9DED9120DCCAD2005694BC /* ApplicationDelegate.swift */ = {isa = PBXFileReference; lastKnownFileType = sourcecode.swift; path = ApplicationDelegate.swift; sourceTree = "<group>"; };
		7C9DED9820DCCAD5005694BC /* Assets.xcassets */ = {isa = PBXFileReference; lastKnownFileType = folder.assetcatalog; path = Assets.xcassets; sourceTree = "<group>"; };
		7C9DED9B20DCCAD5005694BC /* Base */ = {isa = PBXFileReference; lastKnownFileType = file.storyboard; name = Base; path = Base.lproj/LaunchScreen.storyboard; sourceTree = "<group>"; };
		7C9DED9D20DCCAD5005694BC /* Info.plist */ = {isa = PBXFileReference; lastKnownFileType = text.plist.xml; path = Info.plist; sourceTree = "<group>"; };
		7C9DEDAD20DCCCB4005694BC /* View.swift */ = {isa = PBXFileReference; fileEncoding = 4; lastKnownFileType = sourcecode.swift; path = View.swift; sourceTree = "<group>"; };
		7C9DEDAF20DCCCBA005694BC /* TypedViewController.swift */ = {isa = PBXFileReference; fileEncoding = 4; lastKnownFileType = sourcecode.swift; path = TypedViewController.swift; sourceTree = "<group>"; };
		7C9DEDB120DCCCDE005694BC /* UIViewExtension+Constraint.swift */ = {isa = PBXFileReference; fileEncoding = 4; lastKnownFileType = sourcecode.swift; path = "UIViewExtension+Constraint.swift"; sourceTree = "<group>"; };
		7C9DEDB420DCCD03005694BC /* ViewSetupable.swift */ = {isa = PBXFileReference; fileEncoding = 4; lastKnownFileType = sourcecode.swift; path = ViewSetupable.swift; sourceTree = "<group>"; };
		7C9DEDB820DCCE3F005694BC /* README.md */ = {isa = PBXFileReference; fileEncoding = 4; lastKnownFileType = net.daringfireball.markdown; path = README.md; sourceTree = SOURCE_ROOT; };
		7C9DEDBA20DCD507005694BC /* IntroductionViewController.swift */ = {isa = PBXFileReference; lastKnownFileType = sourcecode.swift; path = IntroductionViewController.swift; sourceTree = "<group>"; };
		7C9DEDBC20DCD560005694BC /* IntroductionView.swift */ = {isa = PBXFileReference; lastKnownFileType = sourcecode.swift; path = IntroductionView.swift; sourceTree = "<group>"; };
		7C9DEDC020DCDB56005694BC /* GameService.swift */ = {isa = PBXFileReference; lastKnownFileType = sourcecode.swift; path = GameService.swift; sourceTree = "<group>"; };
		7C9DEDC220DCDB6F005694BC /* Exercise.swift */ = {isa = PBXFileReference; lastKnownFileType = sourcecode.swift; path = Exercise.swift; sourceTree = "<group>"; };
		7C9DEDC420DCDBAB005694BC /* ExerciseType.swift */ = {isa = PBXFileReference; lastKnownFileType = sourcecode.swift; path = ExerciseType.swift; sourceTree = "<group>"; };
		7C9DEDC620DCDC0D005694BC /* Answer.swift */ = {isa = PBXFileReference; lastKnownFileType = sourcecode.swift; path = Answer.swift; sourceTree = "<group>"; };
		7C9DEDC820DCEC84005694BC /* ExercisesGeneratorService.swift */ = {isa = PBXFileReference; lastKnownFileType = sourcecode.swift; path = ExercisesGeneratorService.swift; sourceTree = "<group>"; };
/* End PBXFileReference section */

/* Begin PBXFrameworksBuildPhase section */
		7C9DED8B20DCCAD2005694BC /* Frameworks */ = {
			isa = PBXFrameworksBuildPhase;
			buildActionMask = 2147483647;
			files = (
			);
			runOnlyForDeploymentPostprocessing = 0;
		};
/* End PBXFrameworksBuildPhase section */

/* Begin PBXGroup section */
		7C9DED8520DCCAD2005694BC = {
			isa = PBXGroup;
			children = (
				7C9DED9020DCCAD2005694BC /* ClassKit Research */,
				7C9DEDB720DCCE2A005694BC /* Supporting files */,
				7C9DED8F20DCCAD2005694BC /* Products */,
			);
			sourceTree = "<group>";
		};
		7C9DED8F20DCCAD2005694BC /* Products */ = {
			isa = PBXGroup;
			children = (
				7C9DED8E20DCCAD2005694BC /* ClassKit Research.app */,
			);
			name = Products;
			sourceTree = "<group>";
		};
		7C9DED9020DCCAD2005694BC /* ClassKit Research */ = {
			isa = PBXGroup;
			children = (
				7C9DEDA320DCCBFF005694BC /* Source Files */,
				7C9DEDA420DCCC0B005694BC /* Resources */,
				7C9DEDA520DCCC11005694BC /* Supporting Files */,
			);
			path = "ClassKit Research";
			sourceTree = "<group>";
		};
		7C9DEDA320DCCBFF005694BC /* Source Files */ = {
			isa = PBXGroup;
			children = (
				7C9DEDA620DCCC30005694BC /* Application */,
				7C9DEDA720DCCC3B005694BC /* Common */,
				7C9DEDAB20DCCC72005694BC /* Modules */,
			);
			path = "Source Files";
			sourceTree = "<group>";
		};
		7C9DEDA420DCCC0B005694BC /* Resources */ = {
			isa = PBXGroup;
			children = (
				7C9DED9820DCCAD5005694BC /* Assets.xcassets */,
				7C9DED9A20DCCAD5005694BC /* LaunchScreen.storyboard */,
			);
			path = Resources;
			sourceTree = "<group>";
		};
		7C9DEDA520DCCC11005694BC /* Supporting Files */ = {
			isa = PBXGroup;
			children = (
				7C9DED9D20DCCAD5005694BC /* Info.plist */,
			);
			path = "Supporting Files";
			sourceTree = "<group>";
		};
		7C9DEDA620DCCC30005694BC /* Application */ = {
			isa = PBXGroup;
			children = (
				7C9DED9120DCCAD2005694BC /* ApplicationDelegate.swift */,
			);
			path = Application;
			sourceTree = "<group>";
		};
		7C9DEDA720DCCC3B005694BC /* Common */ = {
			isa = PBXGroup;
			children = (
				7C9DEDB620DCCD82005694BC /* Services */,
				7C9DEDB320DCCCF1005694BC /* Abstraction */,
				7C9DEDAA20DCCC5F005694BC /* Models */,
				7C9DEDA920DCCC58005694BC /* Extensions */,
				7C9DEDA820DCCC4B005694BC /* Base classes */,
			);
			path = Common;
			sourceTree = "<group>";
		};
		7C9DEDA820DCCC4B005694BC /* Base classes */ = {
			isa = PBXGroup;
			children = (
				7C9DEDAD20DCCCB4005694BC /* View.swift */,
				7C9DEDAF20DCCCBA005694BC /* TypedViewController.swift */,
			);
			path = "Base classes";
			sourceTree = "<group>";
		};
		7C9DEDA920DCCC58005694BC /* Extensions */ = {
			isa = PBXGroup;
			children = (
				7C9DEDB120DCCCDE005694BC /* UIViewExtension+Constraint.swift */,
			);
			path = Extensions;
			sourceTree = "<group>";
		};
		7C9DEDAA20DCCC5F005694BC /* Models */ = {
			isa = PBXGroup;
			children = (
				7C9DEDC220DCDB6F005694BC /* Exercise.swift */,
				7C9DEDC620DCDC0D005694BC /* Answer.swift */,
			);
			path = Models;
			sourceTree = "<group>";
		};
		7C9DEDAB20DCCC72005694BC /* Modules */ = {
			isa = PBXGroup;
			children = (
				7C9DEDAC20DCCC7F005694BC /* Introduciton */,
			);
			path = Modules;
			sourceTree = "<group>";
		};
		7C9DEDAC20DCCC7F005694BC /* Introduciton */ = {
			isa = PBXGroup;
			children = (
				7C9DEDBA20DCD507005694BC /* IntroductionViewController.swift */,
				7C9DEDBC20DCD560005694BC /* IntroductionView.swift */,
			);
			path = Introduciton;
			sourceTree = "<group>";
		};
		7C9DEDB320DCCCF1005694BC /* Abstraction */ = {
			isa = PBXGroup;
			children = (
				7C9DEDB420DCCD03005694BC /* ViewSetupable.swift */,
				7C9DEDC420DCDBAB005694BC /* ExerciseType.swift */,
			);
			path = Abstraction;
			sourceTree = "<group>";
		};
		7C9DEDB620DCCD82005694BC /* Services */ = {
			isa = PBXGroup;
			children = (
				7C9DEDC020DCDB56005694BC /* GameService.swift */,
				7C9DEDC820DCEC84005694BC /* ExercisesGeneratorService.swift */,
			);
			path = Services;
			sourceTree = "<group>";
		};
		7C9DEDB720DCCE2A005694BC /* Supporting files */ = {
			isa = PBXGroup;
			children = (
				7C9DEDB820DCCE3F005694BC /* README.md */,
			);
			path = "Supporting files";
			sourceTree = "<group>";
		};
/* End PBXGroup section */

/* Begin PBXNativeTarget section */
		7C9DED8D20DCCAD2005694BC /* ClassKit Research */ = {
			isa = PBXNativeTarget;
			buildConfigurationList = 7C9DEDA020DCCAD5005694BC /* Build configuration list for PBXNativeTarget "ClassKit Research" */;
			buildPhases = (
				7C9DED8A20DCCAD2005694BC /* Sources */,
				7C9DED8B20DCCAD2005694BC /* Frameworks */,
				7C9DED8C20DCCAD2005694BC /* Resources */,
			);
			buildRules = (
			);
			dependencies = (
			);
			name = "ClassKit Research";
			productName = "ClassKit Research";
			productReference = 7C9DED8E20DCCAD2005694BC /* ClassKit Research.app */;
			productType = "com.apple.product-type.application";
		};
/* End PBXNativeTarget section */

/* Begin PBXProject section */
		7C9DED8620DCCAD2005694BC /* Project object */ = {
			isa = PBXProject;
			attributes = {
				LastSwiftUpdateCheck = 0940;
				LastUpgradeCheck = 0940;
				ORGANIZATIONNAME = Netguru;
				TargetAttributes = {
					7C9DED8D20DCCAD2005694BC = {
						CreatedOnToolsVersion = 9.4.1;
					};
				};
			};
			buildConfigurationList = 7C9DED8920DCCAD2005694BC /* Build configuration list for PBXProject "ClassKit Research" */;
			compatibilityVersion = "Xcode 9.3";
			developmentRegion = en;
			hasScannedForEncodings = 0;
			knownRegions = (
				en,
				Base,
			);
			mainGroup = 7C9DED8520DCCAD2005694BC;
			productRefGroup = 7C9DED8F20DCCAD2005694BC /* Products */;
			projectDirPath = "";
			projectRoot = "";
			targets = (
				7C9DED8D20DCCAD2005694BC /* ClassKit Research */,
			);
		};
/* End PBXProject section */

/* Begin PBXResourcesBuildPhase section */
		7C9DED8C20DCCAD2005694BC /* Resources */ = {
			isa = PBXResourcesBuildPhase;
			buildActionMask = 2147483647;
			files = (
				7C9DEDB920DCCE3F005694BC /* README.md in Resources */,
				7C9DED9C20DCCAD5005694BC /* LaunchScreen.storyboard in Resources */,
				7C9DED9920DCCAD5005694BC /* Assets.xcassets in Resources */,
			);
			runOnlyForDeploymentPostprocessing = 0;
		};
/* End PBXResourcesBuildPhase section */

/* Begin PBXSourcesBuildPhase section */
		7C9DED8A20DCCAD2005694BC /* Sources */ = {
			isa = PBXSourcesBuildPhase;
			buildActionMask = 2147483647;
			files = (
				7C9DEDAE20DCCCB4005694BC /* View.swift in Sources */,
				7C9DEDB020DCCCBA005694BC /* TypedViewController.swift in Sources */,
				7C9DEDBD20DCD560005694BC /* IntroductionView.swift in Sources */,
				7C9DEDB220DCCCDE005694BC /* UIViewExtension+Constraint.swift in Sources */,
				7C9DED9220DCCAD2005694BC /* ApplicationDelegate.swift in Sources */,
				7C9DEDC920DCEC84005694BC /* ExercisesGeneratorService.swift in Sources */,
				7C9DEDC720DCDC0D005694BC /* Answer.swift in Sources */,
				7C9DEDC520DCDBAB005694BC /* ExerciseType.swift in Sources */,
				7C9DEDBB20DCD507005694BC /* IntroductionViewController.swift in Sources */,
				7C9DEDB520DCCD03005694BC /* ViewSetupable.swift in Sources */,
				7C9DEDC120DCDB56005694BC /* GameService.swift in Sources */,
				7C9DEDC320DCDB6F005694BC /* Exercise.swift in Sources */,
			);
			runOnlyForDeploymentPostprocessing = 0;
		};
/* End PBXSourcesBuildPhase section */

/* Begin PBXVariantGroup section */
		7C9DED9A20DCCAD5005694BC /* LaunchScreen.storyboard */ = {
			isa = PBXVariantGroup;
			children = (
				7C9DED9B20DCCAD5005694BC /* Base */,
			);
			name = LaunchScreen.storyboard;
			sourceTree = "<group>";
		};
/* End PBXVariantGroup section */

/* Begin XCBuildConfiguration section */
		7C9DED9E20DCCAD5005694BC /* Debug */ = {
			isa = XCBuildConfiguration;
			buildSettings = {
				ALWAYS_SEARCH_USER_PATHS = NO;
				CLANG_ANALYZER_NONNULL = YES;
				CLANG_ANALYZER_NUMBER_OBJECT_CONVERSION = YES_AGGRESSIVE;
				CLANG_CXX_LANGUAGE_STANDARD = "gnu++14";
				CLANG_CXX_LIBRARY = "libc++";
				CLANG_ENABLE_MODULES = YES;
				CLANG_ENABLE_OBJC_ARC = YES;
				CLANG_ENABLE_OBJC_WEAK = YES;
				CLANG_WARN_BLOCK_CAPTURE_AUTORELEASING = YES;
				CLANG_WARN_BOOL_CONVERSION = YES;
				CLANG_WARN_COMMA = YES;
				CLANG_WARN_CONSTANT_CONVERSION = YES;
				CLANG_WARN_DEPRECATED_OBJC_IMPLEMENTATIONS = YES;
				CLANG_WARN_DIRECT_OBJC_ISA_USAGE = YES_ERROR;
				CLANG_WARN_DOCUMENTATION_COMMENTS = YES;
				CLANG_WARN_EMPTY_BODY = YES;
				CLANG_WARN_ENUM_CONVERSION = YES;
				CLANG_WARN_INFINITE_RECURSION = YES;
				CLANG_WARN_INT_CONVERSION = YES;
				CLANG_WARN_NON_LITERAL_NULL_CONVERSION = YES;
				CLANG_WARN_OBJC_IMPLICIT_RETAIN_SELF = YES;
				CLANG_WARN_OBJC_LITERAL_CONVERSION = YES;
				CLANG_WARN_OBJC_ROOT_CLASS = YES_ERROR;
				CLANG_WARN_RANGE_LOOP_ANALYSIS = YES;
				CLANG_WARN_STRICT_PROTOTYPES = YES;
				CLANG_WARN_SUSPICIOUS_MOVE = YES;
				CLANG_WARN_UNGUARDED_AVAILABILITY = YES_AGGRESSIVE;
				CLANG_WARN_UNREACHABLE_CODE = YES;
				CLANG_WARN__DUPLICATE_METHOD_MATCH = YES;
				CODE_SIGN_IDENTITY = "iPhone Developer";
				COPY_PHASE_STRIP = NO;
				DEBUG_INFORMATION_FORMAT = dwarf;
				ENABLE_STRICT_OBJC_MSGSEND = YES;
				ENABLE_TESTABILITY = YES;
				GCC_C_LANGUAGE_STANDARD = gnu11;
				GCC_DYNAMIC_NO_PIC = NO;
				GCC_NO_COMMON_BLOCKS = YES;
				GCC_OPTIMIZATION_LEVEL = 0;
				GCC_PREPROCESSOR_DEFINITIONS = (
					"DEBUG=1",
					"$(inherited)",
				);
				GCC_WARN_64_TO_32_BIT_CONVERSION = YES;
				GCC_WARN_ABOUT_RETURN_TYPE = YES_ERROR;
				GCC_WARN_UNDECLARED_SELECTOR = YES;
				GCC_WARN_UNINITIALIZED_AUTOS = YES_AGGRESSIVE;
				GCC_WARN_UNUSED_FUNCTION = YES;
				GCC_WARN_UNUSED_VARIABLE = YES;
				IPHONEOS_DEPLOYMENT_TARGET = 11.4;
				MTL_ENABLE_DEBUG_INFO = YES;
				ONLY_ACTIVE_ARCH = YES;
				SDKROOT = iphoneos;
				SWIFT_ACTIVE_COMPILATION_CONDITIONS = DEBUG;
				SWIFT_OPTIMIZATION_LEVEL = "-Onone";
			};
			name = Debug;
		};
		7C9DED9F20DCCAD5005694BC /* Release */ = {
			isa = XCBuildConfiguration;
			buildSettings = {
				ALWAYS_SEARCH_USER_PATHS = NO;
				CLANG_ANALYZER_NONNULL = YES;
				CLANG_ANALYZER_NUMBER_OBJECT_CONVERSION = YES_AGGRESSIVE;
				CLANG_CXX_LANGUAGE_STANDARD = "gnu++14";
				CLANG_CXX_LIBRARY = "libc++";
				CLANG_ENABLE_MODULES = YES;
				CLANG_ENABLE_OBJC_ARC = YES;
				CLANG_ENABLE_OBJC_WEAK = YES;
				CLANG_WARN_BLOCK_CAPTURE_AUTORELEASING = YES;
				CLANG_WARN_BOOL_CONVERSION = YES;
				CLANG_WARN_COMMA = YES;
				CLANG_WARN_CONSTANT_CONVERSION = YES;
				CLANG_WARN_DEPRECATED_OBJC_IMPLEMENTATIONS = YES;
				CLANG_WARN_DIRECT_OBJC_ISA_USAGE = YES_ERROR;
				CLANG_WARN_DOCUMENTATION_COMMENTS = YES;
				CLANG_WARN_EMPTY_BODY = YES;
				CLANG_WARN_ENUM_CONVERSION = YES;
				CLANG_WARN_INFINITE_RECURSION = YES;
				CLANG_WARN_INT_CONVERSION = YES;
				CLANG_WARN_NON_LITERAL_NULL_CONVERSION = YES;
				CLANG_WARN_OBJC_IMPLICIT_RETAIN_SELF = YES;
				CLANG_WARN_OBJC_LITERAL_CONVERSION = YES;
				CLANG_WARN_OBJC_ROOT_CLASS = YES_ERROR;
				CLANG_WARN_RANGE_LOOP_ANALYSIS = YES;
				CLANG_WARN_STRICT_PROTOTYPES = YES;
				CLANG_WARN_SUSPICIOUS_MOVE = YES;
				CLANG_WARN_UNGUARDED_AVAILABILITY = YES_AGGRESSIVE;
				CLANG_WARN_UNREACHABLE_CODE = YES;
				CLANG_WARN__DUPLICATE_METHOD_MATCH = YES;
				CODE_SIGN_IDENTITY = "iPhone Developer";
				COPY_PHASE_STRIP = NO;
				DEBUG_INFORMATION_FORMAT = "dwarf-with-dsym";
				ENABLE_NS_ASSERTIONS = NO;
				ENABLE_STRICT_OBJC_MSGSEND = YES;
				GCC_C_LANGUAGE_STANDARD = gnu11;
				GCC_NO_COMMON_BLOCKS = YES;
				GCC_WARN_64_TO_32_BIT_CONVERSION = YES;
				GCC_WARN_ABOUT_RETURN_TYPE = YES_ERROR;
				GCC_WARN_UNDECLARED_SELECTOR = YES;
				GCC_WARN_UNINITIALIZED_AUTOS = YES_AGGRESSIVE;
				GCC_WARN_UNUSED_FUNCTION = YES;
				GCC_WARN_UNUSED_VARIABLE = YES;
				IPHONEOS_DEPLOYMENT_TARGET = 11.4;
				MTL_ENABLE_DEBUG_INFO = NO;
				SDKROOT = iphoneos;
				SWIFT_COMPILATION_MODE = wholemodule;
				SWIFT_OPTIMIZATION_LEVEL = "-O";
				VALIDATE_PRODUCT = YES;
			};
			name = Release;
		};
		7C9DEDA120DCCAD5005694BC /* Debug */ = {
			isa = XCBuildConfiguration;
			buildSettings = {
				ASSETCATALOG_COMPILER_APPICON_NAME = AppIcon;
				CODE_SIGN_STYLE = Manual;
				DEVELOPMENT_TEAM = "";
				INFOPLIST_FILE = "$(SRCROOT)/ClassKit Research/Supporting Files/Info.plist";
				LD_RUNPATH_SEARCH_PATHS = (
					"$(inherited)",
					"@executable_path/Frameworks",
				);
				PRODUCT_BUNDLE_IDENTIFIER = "co.netguru.ClassKit-Research";
				PRODUCT_NAME = "$(TARGET_NAME)";
				PROVISIONING_PROFILE_SPECIFIER = "";
				SWIFT_VERSION = 4.0;
				TARGETED_DEVICE_FAMILY = 2;
			};
			name = Debug;
		};
		7C9DEDA220DCCAD5005694BC /* Release */ = {
			isa = XCBuildConfiguration;
			buildSettings = {
				ASSETCATALOG_COMPILER_APPICON_NAME = AppIcon;
				CODE_SIGN_STYLE = Manual;
				DEVELOPMENT_TEAM = "";
				INFOPLIST_FILE = "$(SRCROOT)/ClassKit Research/Supporting Files/Info.plist";
				LD_RUNPATH_SEARCH_PATHS = (
					"$(inherited)",
					"@executable_path/Frameworks",
				);
				PRODUCT_BUNDLE_IDENTIFIER = "co.netguru.ClassKit-Research";
				PRODUCT_NAME = "$(TARGET_NAME)";
				PROVISIONING_PROFILE_SPECIFIER = "";
				SWIFT_VERSION = 4.0;
				TARGETED_DEVICE_FAMILY = 2;
			};
			name = Release;
		};
/* End XCBuildConfiguration section */

/* Begin XCConfigurationList section */
		7C9DED8920DCCAD2005694BC /* Build configuration list for PBXProject "ClassKit Research" */ = {
			isa = XCConfigurationList;
			buildConfigurations = (
				7C9DED9E20DCCAD5005694BC /* Debug */,
				7C9DED9F20DCCAD5005694BC /* Release */,
			);
			defaultConfigurationIsVisible = 0;
			defaultConfigurationName = Release;
		};
		7C9DEDA020DCCAD5005694BC /* Build configuration list for PBXNativeTarget "ClassKit Research" */ = {
			isa = XCConfigurationList;
			buildConfigurations = (
				7C9DEDA120DCCAD5005694BC /* Debug */,
				7C9DEDA220DCCAD5005694BC /* Release */,
			);
			defaultConfigurationIsVisible = 0;
			defaultConfigurationName = Release;
		};
/* End XCConfigurationList section */
	};
	rootObject = 7C9DED8620DCCAD2005694BC /* Project object */;
}
